
Microsoft Visual Studio Solution File, Format Version 12.00
# Visual Studio Version 16
VisualStudioVersion = 16.0.30011.22
MinimumVisualStudioVersion = 10.0.40219.1
Project("{9A19103F-16F7-4668-BE54-9A1E7A4F7556}") = "taxi.common", "taxi.common\taxi.common.csproj", "{D7BD0AE6-F76B-429D-A935-CE8D6D60F366}"
EndProject
Project("{9A19103F-16F7-4668-BE54-9A1E7A4F7556}") = "taxi.web", "taxi.web\taxi.web.csproj", "{F126FE6D-2E91-400C-BBCA-C4ABFA6AEE8B}"
EndProject
Project("{9A19103F-16F7-4668-BE54-9A1E7A4F7556}") = "taxi.prism", "taxi.prism\taxi.prism\taxi.prism.csproj", "{837DDCD9-5FFB-4C5F-9559-264C982AD00C}"
EndProject
Project("{FAE04EC0-301F-11D3-BF4B-00C04F79EFBC}") = "taxi.prism.Android", "taxi.prism\taxi.prism.Android\taxi.prism.Android.csproj", "{DFC654AD-DE37-459C-950C-BF3044250ABB}"
EndProject
Project("{FAE04EC0-301F-11D3-BF4B-00C04F79EFBC}") = "taxi.prism.iOS", "taxi.prism\taxi.prism.iOS\taxi.prism.iOS.csproj", "{588DF3A6-8B1D-47C8-B966-7429743B5E02}"
EndProject
Project("{FAE04EC0-301F-11D3-BF4B-00C04F79EFBC}") = "Taxi.Cross.Android", "Taxi.Cross.Android\Taxi.Cross.Android.csproj", "{EDBB7AB6-8D9B-4EE7-9D08-D20B367D5E86}"
EndProject
Project("{FAE04EC0-301F-11D3-BF4B-00C04F79EFBC}") = "Taxi.Cross.IOS", "Taxi.Cross.IOS\Taxi.Cross.IOS.csproj", "{6E13D94D-97F9-4458-B5CD-56203929C8FF}"
EndProject
Global
	GlobalSection(SolutionConfigurationPlatforms) = preSolution
		Ad-Hoc|Any CPU = Ad-Hoc|Any CPU
		Ad-Hoc|iPhone = Ad-Hoc|iPhone
		Ad-Hoc|iPhoneSimulator = Ad-Hoc|iPhoneSimulator
		AppStore|Any CPU = AppStore|Any CPU
		AppStore|iPhone = AppStore|iPhone
		AppStore|iPhoneSimulator = AppStore|iPhoneSimulator
		Debug|Any CPU = Debug|Any CPU
		Debug|iPhone = Debug|iPhone
		Debug|iPhoneSimulator = Debug|iPhoneSimulator
		Release|Any CPU = Release|Any CPU
		Release|iPhone = Release|iPhone
		Release|iPhoneSimulator = Release|iPhoneSimulator
	EndGlobalSection
	GlobalSection(ProjectConfigurationPlatforms) = postSolution
		{D7BD0AE6-F76B-429D-A935-CE8D6D60F366}.Ad-Hoc|Any CPU.ActiveCfg = Release|Any CPU
		{D7BD0AE6-F76B-429D-A935-CE8D6D60F366}.Ad-Hoc|Any CPU.Build.0 = Release|Any CPU
		{D7BD0AE6-F76B-429D-A935-CE8D6D60F366}.Ad-Hoc|iPhone.ActiveCfg = Release|Any CPU
		{D7BD0AE6-F76B-429D-A935-CE8D6D60F366}.Ad-Hoc|iPhone.Build.0 = Release|Any CPU
		{D7BD0AE6-F76B-429D-A935-CE8D6D60F366}.Ad-Hoc|iPhoneSimulator.ActiveCfg = Release|Any CPU
		{D7BD0AE6-F76B-429D-A935-CE8D6D60F366}.Ad-Hoc|iPhoneSimulator.Build.0 = Release|Any CPU
		{D7BD0AE6-F76B-429D-A935-CE8D6D60F366}.AppStore|Any CPU.ActiveCfg = Release|Any CPU
		{D7BD0AE6-F76B-429D-A935-CE8D6D60F366}.AppStore|Any CPU.Build.0 = Release|Any CPU
		{D7BD0AE6-F76B-429D-A935-CE8D6D60F366}.AppStore|iPhone.ActiveCfg = Release|Any CPU
		{D7BD0AE6-F76B-429D-A935-CE8D6D60F366}.AppStore|iPhone.Build.0 = Release|Any CPU
		{D7BD0AE6-F76B-429D-A935-CE8D6D60F366}.AppStore|iPhoneSimulator.ActiveCfg = Release|Any CPU
		{D7BD0AE6-F76B-429D-A935-CE8D6D60F366}.AppStore|iPhoneSimulator.Build.0 = Release|Any CPU
		{D7BD0AE6-F76B-429D-A935-CE8D6D60F366}.Debug|Any CPU.ActiveCfg = Debug|Any CPU
		{D7BD0AE6-F76B-429D-A935-CE8D6D60F366}.Debug|Any CPU.Build.0 = Debug|Any CPU
		{D7BD0AE6-F76B-429D-A935-CE8D6D60F366}.Debug|iPhone.ActiveCfg = Debug|Any CPU
		{D7BD0AE6-F76B-429D-A935-CE8D6D60F366}.Debug|iPhone.Build.0 = Debug|Any CPU
		{D7BD0AE6-F76B-429D-A935-CE8D6D60F366}.Debug|iPhoneSimulator.ActiveCfg = Debug|Any CPU
		{D7BD0AE6-F76B-429D-A935-CE8D6D60F366}.Debug|iPhoneSimulator.Build.0 = Debug|Any CPU
		{D7BD0AE6-F76B-429D-A935-CE8D6D60F366}.Release|Any CPU.ActiveCfg = Release|Any CPU
		{D7BD0AE6-F76B-429D-A935-CE8D6D60F366}.Release|Any CPU.Build.0 = Release|Any CPU
		{D7BD0AE6-F76B-429D-A935-CE8D6D60F366}.Release|iPhone.ActiveCfg = Release|Any CPU
		{D7BD0AE6-F76B-429D-A935-CE8D6D60F366}.Release|iPhone.Build.0 = Release|Any CPU
		{D7BD0AE6-F76B-429D-A935-CE8D6D60F366}.Release|iPhoneSimulator.ActiveCfg = Release|Any CPU
		{D7BD0AE6-F76B-429D-A935-CE8D6D60F366}.Release|iPhoneSimulator.Build.0 = Release|Any CPU
		{F126FE6D-2E91-400C-BBCA-C4ABFA6AEE8B}.Ad-Hoc|Any CPU.ActiveCfg = Release|Any CPU
		{F126FE6D-2E91-400C-BBCA-C4ABFA6AEE8B}.Ad-Hoc|Any CPU.Build.0 = Release|Any CPU
		{F126FE6D-2E91-400C-BBCA-C4ABFA6AEE8B}.Ad-Hoc|iPhone.ActiveCfg = Release|Any CPU
		{F126FE6D-2E91-400C-BBCA-C4ABFA6AEE8B}.Ad-Hoc|iPhone.Build.0 = Release|Any CPU
		{F126FE6D-2E91-400C-BBCA-C4ABFA6AEE8B}.Ad-Hoc|iPhoneSimulator.ActiveCfg = Release|Any CPU
		{F126FE6D-2E91-400C-BBCA-C4ABFA6AEE8B}.Ad-Hoc|iPhoneSimulator.Build.0 = Release|Any CPU
		{F126FE6D-2E91-400C-BBCA-C4ABFA6AEE8B}.AppStore|Any CPU.ActiveCfg = Release|Any CPU
		{F126FE6D-2E91-400C-BBCA-C4ABFA6AEE8B}.AppStore|Any CPU.Build.0 = Release|Any CPU
		{F126FE6D-2E91-400C-BBCA-C4ABFA6AEE8B}.AppStore|iPhone.ActiveCfg = Release|Any CPU
		{F126FE6D-2E91-400C-BBCA-C4ABFA6AEE8B}.AppStore|iPhone.Build.0 = Release|Any CPU
		{F126FE6D-2E91-400C-BBCA-C4ABFA6AEE8B}.AppStore|iPhoneSimulator.ActiveCfg = Release|Any CPU
		{F126FE6D-2E91-400C-BBCA-C4ABFA6AEE8B}.AppStore|iPhoneSimulator.Build.0 = Release|Any CPU
		{F126FE6D-2E91-400C-BBCA-C4ABFA6AEE8B}.Debug|Any CPU.ActiveCfg = Debug|Any CPU
		{F126FE6D-2E91-400C-BBCA-C4ABFA6AEE8B}.Debug|Any CPU.Build.0 = Debug|Any CPU
		{F126FE6D-2E91-400C-BBCA-C4ABFA6AEE8B}.Debug|iPhone.ActiveCfg = Debug|Any CPU
		{F126FE6D-2E91-400C-BBCA-C4ABFA6AEE8B}.Debug|iPhone.Build.0 = Debug|Any CPU
		{F126FE6D-2E91-400C-BBCA-C4ABFA6AEE8B}.Debug|iPhoneSimulator.ActiveCfg = Debug|Any CPU
		{F126FE6D-2E91-400C-BBCA-C4ABFA6AEE8B}.Debug|iPhoneSimulator.Build.0 = Debug|Any CPU
		{F126FE6D-2E91-400C-BBCA-C4ABFA6AEE8B}.Release|Any CPU.ActiveCfg = Release|Any CPU
		{F126FE6D-2E91-400C-BBCA-C4ABFA6AEE8B}.Release|Any CPU.Build.0 = Release|Any CPU
		{F126FE6D-2E91-400C-BBCA-C4ABFA6AEE8B}.Release|iPhone.ActiveCfg = Release|Any CPU
		{F126FE6D-2E91-400C-BBCA-C4ABFA6AEE8B}.Release|iPhone.Build.0 = Release|Any CPU
		{F126FE6D-2E91-400C-BBCA-C4ABFA6AEE8B}.Release|iPhoneSimulator.ActiveCfg = Release|Any CPU
		{F126FE6D-2E91-400C-BBCA-C4ABFA6AEE8B}.Release|iPhoneSimulator.Build.0 = Release|Any CPU
		{837DDCD9-5FFB-4C5F-9559-264C982AD00C}.Ad-Hoc|Any CPU.ActiveCfg = Debug|Any CPU
		{837DDCD9-5FFB-4C5F-9559-264C982AD00C}.Ad-Hoc|Any CPU.Build.0 = Debug|Any CPU
		{837DDCD9-5FFB-4C5F-9559-264C982AD00C}.Ad-Hoc|iPhone.ActiveCfg = Debug|Any CPU
		{837DDCD9-5FFB-4C5F-9559-264C982AD00C}.Ad-Hoc|iPhone.Build.0 = Debug|Any CPU
		{837DDCD9-5FFB-4C5F-9559-264C982AD00C}.Ad-Hoc|iPhoneSimulator.ActiveCfg = Debug|Any CPU
		{837DDCD9-5FFB-4C5F-9559-264C982AD00C}.Ad-Hoc|iPhoneSimulator.Build.0 = Debug|Any CPU
		{837DDCD9-5FFB-4C5F-9559-264C982AD00C}.AppStore|Any CPU.ActiveCfg = Debug|Any CPU
		{837DDCD9-5FFB-4C5F-9559-264C982AD00C}.AppStore|Any CPU.Build.0 = Debug|Any CPU
		{837DDCD9-5FFB-4C5F-9559-264C982AD00C}.AppStore|iPhone.ActiveCfg = Debug|Any CPU
		{837DDCD9-5FFB-4C5F-9559-264C982AD00C}.AppStore|iPhone.Build.0 = Debug|Any CPU
		{837DDCD9-5FFB-4C5F-9559-264C982AD00C}.AppStore|iPhoneSimulator.ActiveCfg = Debug|Any CPU
		{837DDCD9-5FFB-4C5F-9559-264C982AD00C}.AppStore|iPhoneSimulator.Build.0 = Debug|Any CPU
		{837DDCD9-5FFB-4C5F-9559-264C982AD00C}.Debug|Any CPU.ActiveCfg = Debug|Any CPU
		{837DDCD9-5FFB-4C5F-9559-264C982AD00C}.Debug|Any CPU.Build.0 = Debug|Any CPU
		{837DDCD9-5FFB-4C5F-9559-264C982AD00C}.Debug|iPhone.ActiveCfg = Debug|Any CPU
		{837DDCD9-5FFB-4C5F-9559-264C982AD00C}.Debug|iPhone.Build.0 = Debug|Any CPU
		{837DDCD9-5FFB-4C5F-9559-264C982AD00C}.Debug|iPhoneSimulator.ActiveCfg = Debug|Any CPU
		{837DDCD9-5FFB-4C5F-9559-264C982AD00C}.Debug|iPhoneSimulator.Build.0 = Debug|Any CPU
		{837DDCD9-5FFB-4C5F-9559-264C982AD00C}.Release|Any CPU.ActiveCfg = Release|Any CPU
		{837DDCD9-5FFB-4C5F-9559-264C982AD00C}.Release|Any CPU.Build.0 = Release|Any CPU
		{837DDCD9-5FFB-4C5F-9559-264C982AD00C}.Release|iPhone.ActiveCfg = Release|Any CPU
		{837DDCD9-5FFB-4C5F-9559-264C982AD00C}.Release|iPhone.Build.0 = Release|Any CPU
		{837DDCD9-5FFB-4C5F-9559-264C982AD00C}.Release|iPhoneSimulator.ActiveCfg = Release|Any CPU
		{837DDCD9-5FFB-4C5F-9559-264C982AD00C}.Release|iPhoneSimulator.Build.0 = Release|Any CPU
		{DFC654AD-DE37-459C-950C-BF3044250ABB}.Ad-Hoc|Any CPU.ActiveCfg = Release|Any CPU
		{DFC654AD-DE37-459C-950C-BF3044250ABB}.Ad-Hoc|Any CPU.Build.0 = Release|Any CPU
		{DFC654AD-DE37-459C-950C-BF3044250ABB}.Ad-Hoc|Any CPU.Deploy.0 = Release|Any CPU
		{DFC654AD-DE37-459C-950C-BF3044250ABB}.Ad-Hoc|iPhone.ActiveCfg = Release|Any CPU
		{DFC654AD-DE37-459C-950C-BF3044250ABB}.Ad-Hoc|iPhone.Build.0 = Release|Any CPU
		{DFC654AD-DE37-459C-950C-BF3044250ABB}.Ad-Hoc|iPhone.Deploy.0 = Release|Any CPU
		{DFC654AD-DE37-459C-950C-BF3044250ABB}.Ad-Hoc|iPhoneSimulator.ActiveCfg = Release|Any CPU
		{DFC654AD-DE37-459C-950C-BF3044250ABB}.Ad-Hoc|iPhoneSimulator.Build.0 = Release|Any CPU
		{DFC654AD-DE37-459C-950C-BF3044250ABB}.Ad-Hoc|iPhoneSimulator.Deploy.0 = Release|Any CPU
		{DFC654AD-DE37-459C-950C-BF3044250ABB}.AppStore|Any CPU.ActiveCfg = Release|Any CPU
		{DFC654AD-DE37-459C-950C-BF3044250ABB}.AppStore|Any CPU.Build.0 = Release|Any CPU
		{DFC654AD-DE37-459C-950C-BF3044250ABB}.AppStore|Any CPU.Deploy.0 = Release|Any CPU
		{DFC654AD-DE37-459C-950C-BF3044250ABB}.AppStore|iPhone.ActiveCfg = Release|Any CPU
		{DFC654AD-DE37-459C-950C-BF3044250ABB}.AppStore|iPhone.Build.0 = Release|Any CPU
		{DFC654AD-DE37-459C-950C-BF3044250ABB}.AppStore|iPhone.Deploy.0 = Release|Any CPU
		{DFC654AD-DE37-459C-950C-BF3044250ABB}.AppStore|iPhoneSimulator.ActiveCfg = Release|Any CPU
		{DFC654AD-DE37-459C-950C-BF3044250ABB}.AppStore|iPhoneSimulator.Build.0 = Release|Any CPU
		{DFC654AD-DE37-459C-950C-BF3044250ABB}.AppStore|iPhoneSimulator.Deploy.0 = Release|Any CPU
		{DFC654AD-DE37-459C-950C-BF3044250ABB}.Debug|Any CPU.ActiveCfg = Debug|Any CPU
		{DFC654AD-DE37-459C-950C-BF3044250ABB}.Debug|Any CPU.Build.0 = Debug|Any CPU
		{DFC654AD-DE37-459C-950C-BF3044250ABB}.Debug|Any CPU.Deploy.0 = Debug|Any CPU
		{DFC654AD-DE37-459C-950C-BF3044250ABB}.Debug|iPhone.ActiveCfg = Debug|Any CPU
		{DFC654AD-DE37-459C-950C-BF3044250ABB}.Debug|iPhone.Build.0 = Debug|Any CPU
		{DFC654AD-DE37-459C-950C-BF3044250ABB}.Debug|iPhone.Deploy.0 = Debug|Any CPU
		{DFC654AD-DE37-459C-950C-BF3044250ABB}.Debug|iPhoneSimulator.ActiveCfg = Debug|Any CPU
		{DFC654AD-DE37-459C-950C-BF3044250ABB}.Debug|iPhoneSimulator.Build.0 = Debug|Any CPU
		{DFC654AD-DE37-459C-950C-BF3044250ABB}.Debug|iPhoneSimulator.Deploy.0 = Debug|Any CPU
		{DFC654AD-DE37-459C-950C-BF3044250ABB}.Release|Any CPU.ActiveCfg = Release|Any CPU
		{DFC654AD-DE37-459C-950C-BF3044250ABB}.Release|Any CPU.Build.0 = Release|Any CPU
		{DFC654AD-DE37-459C-950C-BF3044250ABB}.Release|Any CPU.Deploy.0 = Release|Any CPU
		{DFC654AD-DE37-459C-950C-BF3044250ABB}.Release|iPhone.ActiveCfg = Release|Any CPU
		{DFC654AD-DE37-459C-950C-BF3044250ABB}.Release|iPhone.Build.0 = Release|Any CPU
		{DFC654AD-DE37-459C-950C-BF3044250ABB}.Release|iPhone.Deploy.0 = Release|Any CPU
		{DFC654AD-DE37-459C-950C-BF3044250ABB}.Release|iPhoneSimulator.ActiveCfg = Release|Any CPU
		{DFC654AD-DE37-459C-950C-BF3044250ABB}.Release|iPhoneSimulator.Build.0 = Release|Any CPU
		{DFC654AD-DE37-459C-950C-BF3044250ABB}.Release|iPhoneSimulator.Deploy.0 = Release|Any CPU
		{588DF3A6-8B1D-47C8-B966-7429743B5E02}.Ad-Hoc|Any CPU.ActiveCfg = Ad-Hoc|iPhone
		{588DF3A6-8B1D-47C8-B966-7429743B5E02}.Ad-Hoc|iPhone.ActiveCfg = Ad-Hoc|iPhone
		{588DF3A6-8B1D-47C8-B966-7429743B5E02}.Ad-Hoc|iPhone.Build.0 = Ad-Hoc|iPhone
		{588DF3A6-8B1D-47C8-B966-7429743B5E02}.Ad-Hoc|iPhoneSimulator.ActiveCfg = Ad-Hoc|iPhoneSimulator
		{588DF3A6-8B1D-47C8-B966-7429743B5E02}.Ad-Hoc|iPhoneSimulator.Build.0 = Ad-Hoc|iPhoneSimulator
		{588DF3A6-8B1D-47C8-B966-7429743B5E02}.AppStore|Any CPU.ActiveCfg = AppStore|iPhone
		{588DF3A6-8B1D-47C8-B966-7429743B5E02}.AppStore|iPhone.ActiveCfg = AppStore|iPhone
		{588DF3A6-8B1D-47C8-B966-7429743B5E02}.AppStore|iPhone.Build.0 = AppStore|iPhone
		{588DF3A6-8B1D-47C8-B966-7429743B5E02}.AppStore|iPhoneSimulator.ActiveCfg = AppStore|iPhoneSimulator
		{588DF3A6-8B1D-47C8-B966-7429743B5E02}.AppStore|iPhoneSimulator.Build.0 = AppStore|iPhoneSimulator
		{588DF3A6-8B1D-47C8-B966-7429743B5E02}.Debug|Any CPU.ActiveCfg = Debug|iPhone
		{588DF3A6-8B1D-47C8-B966-7429743B5E02}.Debug|iPhone.ActiveCfg = Debug|iPhone
		{588DF3A6-8B1D-47C8-B966-7429743B5E02}.Debug|iPhone.Build.0 = Debug|iPhone
		{588DF3A6-8B1D-47C8-B966-7429743B5E02}.Debug|iPhoneSimulator.ActiveCfg = Debug|iPhoneSimulator
		{588DF3A6-8B1D-47C8-B966-7429743B5E02}.Debug|iPhoneSimulator.Build.0 = Debug|iPhoneSimulator
		{588DF3A6-8B1D-47C8-B966-7429743B5E02}.Release|Any CPU.ActiveCfg = Release|iPhone
		{588DF3A6-8B1D-47C8-B966-7429743B5E02}.Release|iPhone.ActiveCfg = Release|iPhone
		{588DF3A6-8B1D-47C8-B966-7429743B5E02}.Release|iPhone.Build.0 = Release|iPhone
		{588DF3A6-8B1D-47C8-B966-7429743B5E02}.Release|iPhoneSimulator.ActiveCfg = Release|iPhoneSimulator
		{588DF3A6-8B1D-47C8-B966-7429743B5E02}.Release|iPhoneSimulator.Build.0 = Release|iPhoneSimulator
		{EDBB7AB6-8D9B-4EE7-9D08-D20B367D5E86}.Ad-Hoc|Any CPU.ActiveCfg = Release|Any CPU
		{EDBB7AB6-8D9B-4EE7-9D08-D20B367D5E86}.Ad-Hoc|Any CPU.Build.0 = Release|Any CPU
		{EDBB7AB6-8D9B-4EE7-9D08-D20B367D5E86}.Ad-Hoc|Any CPU.Deploy.0 = Release|Any CPU
		{EDBB7AB6-8D9B-4EE7-9D08-D20B367D5E86}.Ad-Hoc|iPhone.ActiveCfg = Release|Any CPU
		{EDBB7AB6-8D9B-4EE7-9D08-D20B367D5E86}.Ad-Hoc|iPhone.Build.0 = Release|Any CPU
		{EDBB7AB6-8D9B-4EE7-9D08-D20B367D5E86}.Ad-Hoc|iPhone.Deploy.0 = Release|Any CPU
		{EDBB7AB6-8D9B-4EE7-9D08-D20B367D5E86}.Ad-Hoc|iPhoneSimulator.ActiveCfg = Release|Any CPU
		{EDBB7AB6-8D9B-4EE7-9D08-D20B367D5E86}.Ad-Hoc|iPhoneSimulator.Build.0 = Release|Any CPU
		{EDBB7AB6-8D9B-4EE7-9D08-D20B367D5E86}.Ad-Hoc|iPhoneSimulator.Deploy.0 = Release|Any CPU
		{EDBB7AB6-8D9B-4EE7-9D08-D20B367D5E86}.AppStore|Any CPU.ActiveCfg = Release|Any CPU
		{EDBB7AB6-8D9B-4EE7-9D08-D20B367D5E86}.AppStore|Any CPU.Build.0 = Release|Any CPU
		{EDBB7AB6-8D9B-4EE7-9D08-D20B367D5E86}.AppStore|Any CPU.Deploy.0 = Release|Any CPU
		{EDBB7AB6-8D9B-4EE7-9D08-D20B367D5E86}.AppStore|iPhone.ActiveCfg = Release|Any CPU
		{EDBB7AB6-8D9B-4EE7-9D08-D20B367D5E86}.AppStore|iPhone.Build.0 = Release|Any CPU
		{EDBB7AB6-8D9B-4EE7-9D08-D20B367D5E86}.AppStore|iPhone.Deploy.0 = Release|Any CPU
		{EDBB7AB6-8D9B-4EE7-9D08-D20B367D5E86}.AppStore|iPhoneSimulator.ActiveCfg = Release|Any CPU
		{EDBB7AB6-8D9B-4EE7-9D08-D20B367D5E86}.AppStore|iPhoneSimulator.Build.0 = Release|Any CPU
		{EDBB7AB6-8D9B-4EE7-9D08-D20B367D5E86}.AppStore|iPhoneSimulator.Deploy.0 = Release|Any CPU
		{EDBB7AB6-8D9B-4EE7-9D08-D20B367D5E86}.Debug|Any CPU.ActiveCfg = Debug|Any CPU
		{EDBB7AB6-8D9B-4EE7-9D08-D20B367D5E86}.Debug|Any CPU.Build.0 = Debug|Any CPU
		{EDBB7AB6-8D9B-4EE7-9D08-D20B367D5E86}.Debug|Any CPU.Deploy.0 = Debug|Any CPU
		{EDBB7AB6-8D9B-4EE7-9D08-D20B367D5E86}.Debug|iPhone.ActiveCfg = Debug|Any CPU
		{EDBB7AB6-8D9B-4EE7-9D08-D20B367D5E86}.Debug|iPhone.Build.0 = Debug|Any CPU
		{EDBB7AB6-8D9B-4EE7-9D08-D20B367D5E86}.Debug|iPhone.Deploy.0 = Debug|Any CPU
		{EDBB7AB6-8D9B-4EE7-9D08-D20B367D5E86}.Debug|iPhoneSimulator.ActiveCfg = Debug|Any CPU
		{EDBB7AB6-8D9B-4EE7-9D08-D20B367D5E86}.Debug|iPhoneSimulator.Build.0 = Debug|Any CPU
		{EDBB7AB6-8D9B-4EE7-9D08-D20B367D5E86}.Debug|iPhoneSimulator.Deploy.0 = Debug|Any CPU
		{EDBB7AB6-8D9B-4EE7-9D08-D20B367D5E86}.Release|Any CPU.ActiveCfg = Release|Any CPU
		{EDBB7AB6-8D9B-4EE7-9D08-D20B367D5E86}.Release|Any CPU.Build.0 = Release|Any CPU
		{EDBB7AB6-8D9B-4EE7-9D08-D20B367D5E86}.Release|Any CPU.Deploy.0 = Release|Any CPU
		{EDBB7AB6-8D9B-4EE7-9D08-D20B367D5E86}.Release|iPhone.ActiveCfg = Release|Any CPU
		{EDBB7AB6-8D9B-4EE7-9D08-D20B367D5E86}.Release|iPhone.Build.0 = Release|Any CPU
		{EDBB7AB6-8D9B-4EE7-9D08-D20B367D5E86}.Release|iPhone.Deploy.0 = Release|Any CPU
		{EDBB7AB6-8D9B-4EE7-9D08-D20B367D5E86}.Release|iPhoneSimulator.ActiveCfg = Release|Any CPU
		{EDBB7AB6-8D9B-4EE7-9D08-D20B367D5E86}.Release|iPhoneSimulator.Build.0 = Release|Any CPU
		{EDBB7AB6-8D9B-4EE7-9D08-D20B367D5E86}.Release|iPhoneSimulator.Deploy.0 = Release|Any CPU
		{6E13D94D-97F9-4458-B5CD-56203929C8FF}.Ad-Hoc|Any CPU.ActiveCfg = Release|iPhone
		{6E13D94D-97F9-4458-B5CD-56203929C8FF}.Ad-Hoc|Any CPU.Build.0 = Release|iPhone
		{6E13D94D-97F9-4458-B5CD-56203929C8FF}.Ad-Hoc|iPhone.ActiveCfg = Release|iPhone
		{6E13D94D-97F9-4458-B5CD-56203929C8FF}.Ad-Hoc|iPhone.Build.0 = Release|iPhone
		{6E13D94D-97F9-4458-B5CD-56203929C8FF}.Ad-Hoc|iPhoneSimulator.ActiveCfg = Release|iPhoneSimulator
		{6E13D94D-97F9-4458-B5CD-56203929C8FF}.Ad-Hoc|iPhoneSimulator.Build.0 = Release|iPhoneSimulator
		{6E13D94D-97F9-4458-B5CD-56203929C8FF}.AppStore|Any CPU.ActiveCfg = Release|iPhone
		{6E13D94D-97F9-4458-B5CD-56203929C8FF}.AppStore|Any CPU.Build.0 = Release|iPhone
		{6E13D94D-97F9-4458-B5CD-56203929C8FF}.AppStore|iPhone.ActiveCfg = Release|iPhone
		{6E13D94D-97F9-4458-B5CD-56203929C8FF}.AppStore|iPhone.Build.0 = Release|iPhone
		{6E13D94D-97F9-4458-B5CD-56203929C8FF}.AppStore|iPhoneSimulator.ActiveCfg = Release|iPhoneSimulator
		{6E13D94D-97F9-4458-B5CD-56203929C8FF}.AppStore|iPhoneSimulator.Build.0 = Release|iPhoneSimulator
		{6E13D94D-97F9-4458-B5CD-56203929C8FF}.Debug|Any CPU.ActiveCfg = Debug|iPhone
		{6E13D94D-97F9-4458-B5CD-56203929C8FF}.Debug|iPhone.ActiveCfg = Debug|iPhone
		{6E13D94D-97F9-4458-B5CD-56203929C8FF}.Debug|iPhone.Build.0 = Debug|iPhone
		{6E13D94D-97F9-4458-B5CD-56203929C8FF}.Debug|iPhoneSimulator.ActiveCfg = Debug|iPhoneSimulator
		{6E13D94D-97F9-4458-B5CD-56203929C8FF}.Debug|iPhoneSimulator.Build.0 = Debug|iPhoneSimulator
		{6E13D94D-97F9-4458-B5CD-56203929C8FF}.Release|Any CPU.ActiveCfg = Release|iPhone
		{6E13D94D-97F9-4458-B5CD-56203929C8FF}.Release|iPhone.ActiveCfg = Release|iPhone
		{6E13D94D-97F9-4458-B5CD-56203929C8FF}.Release|iPhone.Build.0 = Release|iPhone
		{6E13D94D-97F9-4458-B5CD-56203929C8FF}.Release|iPhoneSimulator.ActiveCfg = Release|iPhoneSimulator
		{6E13D94D-97F9-4458-B5CD-56203929C8FF}.Release|iPhoneSimulator.Build.0 = Release|iPhoneSimulator
	EndGlobalSection
	GlobalSection(SolutionProperties) = preSolution
		HideSolutionNode = FALSE
	EndGlobalSection
	GlobalSection(ExtensibilityGlobals) = postSolution
		SolutionGuid = {7F4C1D19-8CF9-487D-806A-49F58669B34E}
	EndGlobalSection
EndGlobal
